PODS:
  - WujiFlutterMacOSTest (0.1.0)

DEPENDENCIES:
  - WujiFlutterMacOSTest (from `../`)

EXTERNAL SOURCES:
  WujiFlutterMacOSTest:
    :path: "../"

SPEC CHECKSUMS:
  WujiFlutterMacOSTest: af526b888f7dc8b4b068edf1cf7e5a2972e421a4

PODFILE CHECKSUM: 3917019b87be6d7ab5576b74a0d890a045a672fb

COCOAPODS: 1.10.0
